
Microsoft Visual Studio Solution File, Format Version 12.00
# Visual Studio 14
VisualStudioVersion = 14.0.25420.1
MinimumVisualStudioVersion = 10.0.40219.1
Project("{FAE04EC0-301F-11D3-BF4B-00C04F79EFBC}") = "HelloName", "HelloName\HelloName.csproj", "{EA6DF9AB-9B3B-43F4-A9AC-397B02995D45}"
EndProject
Project("{FAE04EC0-301F-11D3-BF4B-00C04F79EFBC}") = "MaxMethod", "MaxMethod\MaxMethod.csproj", "{31360385-041B-492E-8BF0-1413020E9A22}"
EndProject
Global
	GlobalSection(SolutionConfigurationPlatforms) = preSolution
		Debug|Any CPU = Debug|Any CPU
		Release|Any CPU = Release|Any CPU
	EndGlobalSection
	GlobalSection(ProjectConfigurationPlatforms) = postSolution
		{EA6DF9AB-9B3B-43F4-A9AC-397B02995D45}.Debug|Any CPU.ActiveCfg = Debug|Any CPU
		{EA6DF9AB-9B3B-43F4-A9AC-397B02995D45}.Debug|Any CPU.Build.0 = Debug|Any CPU
		{EA6DF9AB-9B3B-43F4-A9AC-397B02995D45}.Release|Any CPU.ActiveCfg = Release|Any CPU
		{EA6DF9AB-9B3B-43F4-A9AC-397B02995D45}.Release|Any CPU.Build.0 = Release|Any CPU
		{31360385-041B-492E-8BF0-1413020E9A22}.Debug|Any CPU.ActiveCfg = Debug|Any CPU
		{31360385-041B-492E-8BF0-1413020E9A22}.Debug|Any CPU.Build.0 = Debug|Any CPU
		{31360385-041B-492E-8BF0-1413020E9A22}.Release|Any CPU.ActiveCfg = Release|Any CPU
		{31360385-041B-492E-8BF0-1413020E9A22}.Release|Any CPU.Build.0 = Release|Any CPU
	EndGlobalSection
	GlobalSection(SolutionProperties) = preSolution
		HideSolutionNode = FALSE
	EndGlobalSection
EndGlobal
