
Microsoft Visual Studio Solution File, Format Version 12.00
# Visual Studio 14
VisualStudioVersion = 14.0.25420.1
MinimumVisualStudioVersion = 10.0.40219.1
Project("{FAE04EC0-301F-11D3-BF4B-00C04F79EFBC}") = "HelloName", "HelloName\HelloName.csproj", "{EA6DF9AB-9B3B-43F4-A9AC-397B02995D45}"
EndProject
Project("{FAE04EC0-301F-11D3-BF4B-00C04F79EFBC}") = "MaxMethod", "MaxMethod\MaxMethod.csproj", "{31360385-041B-492E-8BF0-1413020E9A22}"
EndProject
Project("{FAE04EC0-301F-11D3-BF4B-00C04F79EFBC}") = "EnglishNameOfLastDigit", "EnglishNameOfLastDigit\EnglishNameOfLastDigit.csproj", "{69925D61-2CB5-4786-BAD5-0F7636387581}"
EndProject
Project("{FAE04EC0-301F-11D3-BF4B-00C04F79EFBC}") = "NumbersInReverseOrder", "NumbersInReverseOrder\NumbersInReverseOrder.csproj", "{B090175B-D1EC-4728-AFCD-FD41DEBF58EB}"
EndProject
Project("{FAE04EC0-301F-11D3-BF4B-00C04F79EFBC}") = "FibonacciNumbers", "FibonacciNumbers\FibonacciNumbers.csproj", "{E4288130-D65B-473E-BD7F-2CB75A26CF34}"
EndProject
Project("{FAE04EC0-301F-11D3-BF4B-00C04F79EFBC}") = "PrimeChecker", "PrimeChecker\PrimeChecker.csproj", "{ADD799B6-A270-49CC-8126-15F0A048DA39}"
EndProject
Project("{FAE04EC0-301F-11D3-BF4B-00C04F79EFBC}") = "CenterPoint", "CenterPoint\CenterPoint.csproj", "{FB1053DF-42F3-438C-B9EB-D384C0D7E9AD}"
EndProject
Project("{FAE04EC0-301F-11D3-BF4B-00C04F79EFBC}") = "GeometryCalculator", "GeometryCalculator\GeometryCalculator.csproj", "{68415248-DC68-4D25-8FAD-2068CDE5EDDD}"
EndProject
Global
	GlobalSection(SolutionConfigurationPlatforms) = preSolution
		Debug|Any CPU = Debug|Any CPU
		Release|Any CPU = Release|Any CPU
	EndGlobalSection
	GlobalSection(ProjectConfigurationPlatforms) = postSolution
		{EA6DF9AB-9B3B-43F4-A9AC-397B02995D45}.Debug|Any CPU.ActiveCfg = Debug|Any CPU
		{EA6DF9AB-9B3B-43F4-A9AC-397B02995D45}.Debug|Any CPU.Build.0 = Debug|Any CPU
		{EA6DF9AB-9B3B-43F4-A9AC-397B02995D45}.Release|Any CPU.ActiveCfg = Release|Any CPU
		{EA6DF9AB-9B3B-43F4-A9AC-397B02995D45}.Release|Any CPU.Build.0 = Release|Any CPU
		{31360385-041B-492E-8BF0-1413020E9A22}.Debug|Any CPU.ActiveCfg = Debug|Any CPU
		{31360385-041B-492E-8BF0-1413020E9A22}.Debug|Any CPU.Build.0 = Debug|Any CPU
		{31360385-041B-492E-8BF0-1413020E9A22}.Release|Any CPU.ActiveCfg = Release|Any CPU
		{31360385-041B-492E-8BF0-1413020E9A22}.Release|Any CPU.Build.0 = Release|Any CPU
		{69925D61-2CB5-4786-BAD5-0F7636387581}.Debug|Any CPU.ActiveCfg = Debug|Any CPU
		{69925D61-2CB5-4786-BAD5-0F7636387581}.Debug|Any CPU.Build.0 = Debug|Any CPU
		{69925D61-2CB5-4786-BAD5-0F7636387581}.Release|Any CPU.ActiveCfg = Release|Any CPU
		{69925D61-2CB5-4786-BAD5-0F7636387581}.Release|Any CPU.Build.0 = Release|Any CPU
		{B090175B-D1EC-4728-AFCD-FD41DEBF58EB}.Debug|Any CPU.ActiveCfg = Debug|Any CPU
		{B090175B-D1EC-4728-AFCD-FD41DEBF58EB}.Debug|Any CPU.Build.0 = Debug|Any CPU
		{B090175B-D1EC-4728-AFCD-FD41DEBF58EB}.Release|Any CPU.ActiveCfg = Release|Any CPU
		{B090175B-D1EC-4728-AFCD-FD41DEBF58EB}.Release|Any CPU.Build.0 = Release|Any CPU
		{E4288130-D65B-473E-BD7F-2CB75A26CF34}.Debug|Any CPU.ActiveCfg = Debug|Any CPU
		{E4288130-D65B-473E-BD7F-2CB75A26CF34}.Debug|Any CPU.Build.0 = Debug|Any CPU
		{E4288130-D65B-473E-BD7F-2CB75A26CF34}.Release|Any CPU.ActiveCfg = Release|Any CPU
		{E4288130-D65B-473E-BD7F-2CB75A26CF34}.Release|Any CPU.Build.0 = Release|Any CPU
		{ADD799B6-A270-49CC-8126-15F0A048DA39}.Debug|Any CPU.ActiveCfg = Debug|Any CPU
		{ADD799B6-A270-49CC-8126-15F0A048DA39}.Debug|Any CPU.Build.0 = Debug|Any CPU
		{ADD799B6-A270-49CC-8126-15F0A048DA39}.Release|Any CPU.ActiveCfg = Release|Any CPU
		{ADD799B6-A270-49CC-8126-15F0A048DA39}.Release|Any CPU.Build.0 = Release|Any CPU
		{FB1053DF-42F3-438C-B9EB-D384C0D7E9AD}.Debug|Any CPU.ActiveCfg = Debug|Any CPU
		{FB1053DF-42F3-438C-B9EB-D384C0D7E9AD}.Debug|Any CPU.Build.0 = Debug|Any CPU
		{FB1053DF-42F3-438C-B9EB-D384C0D7E9AD}.Release|Any CPU.ActiveCfg = Release|Any CPU
		{FB1053DF-42F3-438C-B9EB-D384C0D7E9AD}.Release|Any CPU.Build.0 = Release|Any CPU
		{68415248-DC68-4D25-8FAD-2068CDE5EDDD}.Debug|Any CPU.ActiveCfg = Debug|Any CPU
		{68415248-DC68-4D25-8FAD-2068CDE5EDDD}.Debug|Any CPU.Build.0 = Debug|Any CPU
		{68415248-DC68-4D25-8FAD-2068CDE5EDDD}.Release|Any CPU.ActiveCfg = Release|Any CPU
		{68415248-DC68-4D25-8FAD-2068CDE5EDDD}.Release|Any CPU.Build.0 = Release|Any CPU
	EndGlobalSection
	GlobalSection(SolutionProperties) = preSolution
		HideSolutionNode = FALSE
	EndGlobalSection
EndGlobal
